// !$*UTF8*$!
{
	archiveVersion = 1;
	classes = {
	};
	objectVersion = 51;
	objects = {

/* Begin PBXBuildFile section */
		940A522B232B04F300B85A04 /* PlaylistViewController.swift in Sources */ = {isa = PBXBuildFile; fileRef = 940A522A232B04F300B85A04 /* PlaylistViewController.swift */; };
		947DCB0823185A30001E9A76 /* BCOV+helper.swift in Sources */ = {isa = PBXBuildFile; fileRef = 947DCB0723185A30001E9A76 /* BCOV+helper.swift */; };
		9485ECCF2343F27C00240073 /* OfflineViewController.swift in Sources */ = {isa = PBXBuildFile; fileRef = 9485ECCE2343F27C00240073 /* OfflineViewController.swift */; };
		9485ECD12343F93E00240073 /* OfflineTableViewCell.swift in Sources */ = {isa = PBXBuildFile; fileRef = 9485ECD02343F93E00240073 /* OfflineTableViewCell.swift */; };
		94AA9A99234564F000FB7732 /* download.png in Resources */ = {isa = PBXBuildFile; fileRef = 94AA9A98234564F000FB7732 /* download.png */; };
		94AE24872339490D00B534E8 /* playlistTableViewCell.swift in Sources */ = {isa = PBXBuildFile; fileRef = 94AE24862339490D00B534E8 /* playlistTableViewCell.swift */; };
		94AE248A233AAA0A00B534E8 /* image-not-found.jpg in Resources */ = {isa = PBXBuildFile; fileRef = 94AE2489233AAA0A00B534E8 /* image-not-found.jpg */; };
		94BF11602316D31100D895ED /* AppDelegate.swift in Sources */ = {isa = PBXBuildFile; fileRef = 94BF115F2316D31100D895ED /* AppDelegate.swift */; };
		94BF11622316D31100D895ED /* ViewController.swift in Sources */ = {isa = PBXBuildFile; fileRef = 94BF11612316D31100D895ED /* ViewController.swift */; };
		94BF11652316D31100D895ED /* Main.storyboard in Resources */ = {isa = PBXBuildFile; fileRef = 94BF11632316D31100D895ED /* Main.storyboard */; };
		94BF11672316D31600D895ED /* Assets.xcassets in Resources */ = {isa = PBXBuildFile; fileRef = 94BF11662316D31600D895ED /* Assets.xcassets */; };
		94BF116A2316D31600D895ED /* LaunchScreen.storyboard in Resources */ = {isa = PBXBuildFile; fileRef = 94BF11682316D31600D895ED /* LaunchScreen.storyboard */; };
		94BF11762316E2F900D895ED /* Demo.swift in Sources */ = {isa = PBXBuildFile; fileRef = 94BF11752316E2F900D895ED /* Demo.swift */; };
		94BF117A2316F3CE00D895ED /* VideoViewController.swift in Sources */ = {isa = PBXBuildFile; fileRef = 94BF11792316F3CE00D895ED /* VideoViewController.swift */; };
		94BF117C2317218300D895ED /* BCIMAViewController.swift in Sources */ = {isa = PBXBuildFile; fileRef = 94BF117B2317218300D895ED /* BCIMAViewController.swift */; };
		94FA3145233BAE09006AB50D /* Video.swift in Sources */ = {isa = PBXBuildFile; fileRef = 94FA3144233BAE09006AB50D /* Video.swift */; };
		F770D3EDF653C8F6F43423C5 /* Pods_BC_Sample_App.framework in Frameworks */ = {isa = PBXBuildFile; fileRef = 9398D783E6459B9314ADB5E0 /* Pods_BC_Sample_App.framework */; };
/* End PBXBuildFile section */

/* Begin PBXFileReference section */
		2B102DB182C1848068755A85 /* Pods-BC Sample App.debug.xcconfig */ = {isa = PBXFileReference; includeInIndex = 1; lastKnownFileType = text.xcconfig; name = "Pods-BC Sample App.debug.xcconfig"; path = "Target Support Files/Pods-BC Sample App/Pods-BC Sample App.debug.xcconfig"; sourceTree = "<group>"; };
		4080C37DC16A875C48644A56 /* Pods-BC Sample App.release.xcconfig */ = {isa = PBXFileReference; includeInIndex = 1; lastKnownFileType = text.xcconfig; name = "Pods-BC Sample App.release.xcconfig"; path = "Target Support Files/Pods-BC Sample App/Pods-BC Sample App.release.xcconfig"; sourceTree = "<group>"; };
		9398D783E6459B9314ADB5E0 /* Pods_BC_Sample_App.framework */ = {isa = PBXFileReference; explicitFileType = wrapper.framework; includeInIndex = 0; path = Pods_BC_Sample_App.framework; sourceTree = BUILT_PRODUCTS_DIR; };
		940A522A232B04F300B85A04 /* PlaylistViewController.swift */ = {isa = PBXFileReference; lastKnownFileType = sourcecode.swift; path = PlaylistViewController.swift; sourceTree = "<group>"; };
		947DCB0723185A30001E9A76 /* BCOV+helper.swift */ = {isa = PBXFileReference; lastKnownFileType = sourcecode.swift; path = "BCOV+helper.swift"; sourceTree = "<group>"; };
		9485ECCE2343F27C00240073 /* OfflineViewController.swift */ = {isa = PBXFileReference; lastKnownFileType = sourcecode.swift; path = OfflineViewController.swift; sourceTree = "<group>"; };
		9485ECD02343F93E00240073 /* OfflineTableViewCell.swift */ = {isa = PBXFileReference; lastKnownFileType = sourcecode.swift; path = OfflineTableViewCell.swift; sourceTree = "<group>"; };
		94AA9A98234564F000FB7732 /* download.png */ = {isa = PBXFileReference; lastKnownFileType = image.png; path = download.png; sourceTree = "<group>"; };
		94AE24862339490D00B534E8 /* playlistTableViewCell.swift */ = {isa = PBXFileReference; lastKnownFileType = sourcecode.swift; path = playlistTableViewCell.swift; sourceTree = "<group>"; };
		94AE2489233AAA0A00B534E8 /* image-not-found.jpg */ = {isa = PBXFileReference; lastKnownFileType = image.jpeg; path = "image-not-found.jpg"; sourceTree = "<group>"; };
		94BF115C2316D31100D895ED /* BC Sample App.app */ = {isa = PBXFileReference; explicitFileType = wrapper.application; includeInIndex = 0; path = "BC Sample App.app"; sourceTree = BUILT_PRODUCTS_DIR; };
		94BF115F2316D31100D895ED /* AppDelegate.swift */ = {isa = PBXFileReference; lastKnownFileType = sourcecode.swift; path = AppDelegate.swift; sourceTree = "<group>"; };
		94BF11612316D31100D895ED /* ViewController.swift */ = {isa = PBXFileReference; lastKnownFileType = sourcecode.swift; path = ViewController.swift; sourceTree = "<group>"; };
		94BF11642316D31100D895ED /* Base */ = {isa = PBXFileReference; lastKnownFileType = file.storyboard; name = Base; path = Base.lproj/Main.storyboard; sourceTree = "<group>"; };
		94BF11662316D31600D895ED /* Assets.xcassets */ = {isa = PBXFileReference; lastKnownFileType = folder.assetcatalog; path = Assets.xcassets; sourceTree = "<group>"; };
		94BF11692316D31600D895ED /* Base */ = {isa = PBXFileReference; lastKnownFileType = file.storyboard; name = Base; path = Base.lproj/LaunchScreen.storyboard; sourceTree = "<group>"; };
		94BF116B2316D31600D895ED /* Info.plist */ = {isa = PBXFileReference; lastKnownFileType = text.plist.xml; path = Info.plist; sourceTree = "<group>"; };
		94BF11752316E2F900D895ED /* Demo.swift */ = {isa = PBXFileReference; lastKnownFileType = sourcecode.swift; path = Demo.swift; sourceTree = "<group>"; };
		94BF11792316F3CE00D895ED /* VideoViewController.swift */ = {isa = PBXFileReference; lastKnownFileType = sourcecode.swift; path = VideoViewController.swift; sourceTree = "<group>"; };
		94BF117B2317218300D895ED /* BCIMAViewController.swift */ = {isa = PBXFileReference; lastKnownFileType = sourcecode.swift; path = BCIMAViewController.swift; sourceTree = "<group>"; };
		94FA3144233BAE09006AB50D /* Video.swift */ = {isa = PBXFileReference; lastKnownFileType = sourcecode.swift; path = Video.swift; sourceTree = "<group>"; };
/* End PBXFileReference section */

/* Begin PBXFrameworksBuildPhase section */
		94BF11592316D31100D895ED /* Frameworks */ = {
			isa = PBXFrameworksBuildPhase;
			buildActionMask = 2147483647;
			files = (
				F770D3EDF653C8F6F43423C5 /* Pods_BC_Sample_App.framework in Frameworks */,
			);
			runOnlyForDeploymentPostprocessing = 0;
		};
/* End PBXFrameworksBuildPhase section */

/* Begin PBXGroup section */
		487434D45DD7A9E74F7F31C2 /* Frameworks */ = {
			isa = PBXGroup;
			children = (
				9398D783E6459B9314ADB5E0 /* Pods_BC_Sample_App.framework */,
			);
			name = Frameworks;
			sourceTree = "<group>";
		};
		940A5227232AFDAE00B85A04 /* Helpers */ = {
			isa = PBXGroup;
			children = (
				947DCB0723185A30001E9A76 /* BCOV+helper.swift */,
			);
			path = Helpers;
			sourceTree = "<group>";
		};
		94AE2488233AA99900B534E8 /* images */ = {
			isa = PBXGroup;
			children = (
				94AA9A98234564F000FB7732 /* download.png */,
				94AE2489233AAA0A00B534E8 /* image-not-found.jpg */,
			);
			path = images;
			sourceTree = "<group>";
		};
		94BF11532316D31100D895ED = {
			isa = PBXGroup;
			children = (
				94BF115E2316D31100D895ED /* BC Sample App */,
				94BF115D2316D31100D895ED /* Products */,
				F0935315EAE90F512A26A3C2 /* Pods */,
				487434D45DD7A9E74F7F31C2 /* Frameworks */,
			);
			sourceTree = "<group>";
		};
		94BF115D2316D31100D895ED /* Products */ = {
			isa = PBXGroup;
			children = (
				94BF115C2316D31100D895ED /* BC Sample App.app */,
			);
			name = Products;
			sourceTree = "<group>";
		};
		94BF115E2316D31100D895ED /* BC Sample App */ = {
			isa = PBXGroup;
			children = (
				94AE2488233AA99900B534E8 /* images */,
				94BF115F2316D31100D895ED /* AppDelegate.swift */,
				94BF11712316D32500D895ED /* Model */,
				94BF11722316D33600D895ED /* View */,
				94BF11732316D34D00D895ED /* Controller */,
				940A5227232AFDAE00B85A04 /* Helpers */,
				94BF11662316D31600D895ED /* Assets.xcassets */,
				94BF116B2316D31600D895ED /* Info.plist */,
			);
			path = "BC Sample App";
			sourceTree = "<group>";
		};
		94BF11712316D32500D895ED /* Model */ = {
			isa = PBXGroup;
			children = (
				94BF11752316E2F900D895ED /* Demo.swift */,
				94FA3144233BAE09006AB50D /* Video.swift */,
			);
			path = Model;
			sourceTree = "<group>";
		};
		94BF11722316D33600D895ED /* View */ = {
			isa = PBXGroup;
			children = (
				94BF11632316D31100D895ED /* Main.storyboard */,
				94BF11682316D31600D895ED /* LaunchScreen.storyboard */,
				94AE24862339490D00B534E8 /* playlistTableViewCell.swift */,
				9485ECD02343F93E00240073 /* OfflineTableViewCell.swift */,
			);
			path = View;
			sourceTree = "<group>";
		};
		94BF11732316D34D00D895ED /* Controller */ = {
			isa = PBXGroup;
			children = (
				94BF11612316D31100D895ED /* ViewController.swift */,
				94BF11792316F3CE00D895ED /* VideoViewController.swift */,
				94BF117B2317218300D895ED /* BCIMAViewController.swift */,
				940A522A232B04F300B85A04 /* PlaylistViewController.swift */,
				9485ECCE2343F27C00240073 /* OfflineViewController.swift */,
			);
			path = Controller;
			sourceTree = "<group>";
		};
		F0935315EAE90F512A26A3C2 /* Pods */ = {
			isa = PBXGroup;
			children = (
				2B102DB182C1848068755A85 /* Pods-BC Sample App.debug.xcconfig */,
				4080C37DC16A875C48644A56 /* Pods-BC Sample App.release.xcconfig */,
			);
			path = Pods;
			sourceTree = "<group>";
		};
/* End PBXGroup section */

/* Begin PBXNativeTarget section */
		94BF115B2316D31100D895ED /* BC Sample App */ = {
			isa = PBXNativeTarget;
			buildConfigurationList = 94BF116E2316D31600D895ED /* Build configuration list for PBXNativeTarget "BC Sample App" */;
			buildPhases = (
				25A8585D9A64AD8EAFFF3957 /* [CP] Check Pods Manifest.lock */,
				94BF11582316D31100D895ED /* Sources */,
				94BF11592316D31100D895ED /* Frameworks */,
				94BF115A2316D31100D895ED /* Resources */,
				D94CDDFB4EE9C1E797FCD768 /* [CP] Embed Pods Frameworks */,
				BC54108184F49D2DC77E1A25 /* [CP] Copy Pods Resources */,
			);
			buildRules = (
			);
			dependencies = (
			);
			name = "BC Sample App";
			productName = "BC Sample App";
			productReference = 94BF115C2316D31100D895ED /* BC Sample App.app */;
			productType = "com.apple.product-type.application";
		};
/* End PBXNativeTarget section */

/* Begin PBXProject section */
		94BF11542316D31100D895ED /* Project object */ = {
			isa = PBXProject;
			attributes = {
				LastSwiftUpdateCheck = 1030;
				LastUpgradeCheck = 1030;
				ORGANIZATIONNAME = "Antonio Orozco";
				TargetAttributes = {
					94BF115B2316D31100D895ED = {
						CreatedOnToolsVersion = 10.3;
					};
				};
			};
			buildConfigurationList = 94BF11572316D31100D895ED /* Build configuration list for PBXProject "BC Sample App" */;
			compatibilityVersion = "Xcode 9.3";
			developmentRegion = en;
			hasScannedForEncodings = 0;
			knownRegions = (
				en,
				Base,
			);
			mainGroup = 94BF11532316D31100D895ED;
			productRefGroup = 94BF115D2316D31100D895ED /* Products */;
			projectDirPath = "";
			projectRoot = "";
			targets = (
				94BF115B2316D31100D895ED /* BC Sample App */,
			);
		};
/* End PBXProject section */

/* Begin PBXResourcesBuildPhase section */
		94BF115A2316D31100D895ED /* Resources */ = {
			isa = PBXResourcesBuildPhase;
			buildActionMask = 2147483647;
			files = (
				94AE248A233AAA0A00B534E8 /* image-not-found.jpg in Resources */,
				94AA9A99234564F000FB7732 /* download.png in Resources */,
				94BF116A2316D31600D895ED /* LaunchScreen.storyboard in Resources */,
				94BF11672316D31600D895ED /* Assets.xcassets in Resources */,
				94BF11652316D31100D895ED /* Main.storyboard in Resources */,
			);
			runOnlyForDeploymentPostprocessing = 0;
		};
/* End PBXResourcesBuildPhase section */

/* Begin PBXShellScriptBuildPhase section */
		25A8585D9A64AD8EAFFF3957 /* [CP] Check Pods Manifest.lock */ = {
			isa = PBXShellScriptBuildPhase;
			buildActionMask = 2147483647;
			files = (
			);
			inputFileListPaths = (
			);
			inputPaths = (
				"${PODS_PODFILE_DIR_PATH}/Podfile.lock",
				"${PODS_ROOT}/Manifest.lock",
			);
			name = "[CP] Check Pods Manifest.lock";
			outputFileListPaths = (
			);
			outputPaths = (
				"$(DERIVED_FILE_DIR)/Pods-BC Sample App-checkManifestLockResult.txt",
			);
			runOnlyForDeploymentPostprocessing = 0;
			shellPath = /bin/sh;
			shellScript = "diff \"${PODS_PODFILE_DIR_PATH}/Podfile.lock\" \"${PODS_ROOT}/Manifest.lock\" > /dev/null\nif [ $? != 0 ] ; then\n    # print error to STDERR\n    echo \"error: The sandbox is not in sync with the Podfile.lock. Run 'pod install' or update your CocoaPods installation.\" >&2\n    exit 1\nfi\n# This output is used by Xcode 'outputs' to avoid re-running this script phase.\necho \"SUCCESS\" > \"${SCRIPT_OUTPUT_FILE_0}\"\n";
			showEnvVarsInLog = 0;
		};
		BC54108184F49D2DC77E1A25 /* [CP] Copy Pods Resources */ = {
			isa = PBXShellScriptBuildPhase;
			buildActionMask = 2147483647;
			files = (
			);
			inputFileListPaths = (
				"${PODS_ROOT}/Target Support Files/Pods-BC Sample App/Pods-BC Sample App-resources-${CONFIGURATION}-input-files.xcfilelist",
			);
			name = "[CP] Copy Pods Resources";
			outputFileListPaths = (
				"${PODS_ROOT}/Target Support Files/Pods-BC Sample App/Pods-BC Sample App-resources-${CONFIGURATION}-output-files.xcfilelist",
			);
			runOnlyForDeploymentPostprocessing = 0;
			shellPath = /bin/sh;
			shellScript = "\"${PODS_ROOT}/Target Support Files/Pods-BC Sample App/Pods-BC Sample App-resources.sh\"\n";
			showEnvVarsInLog = 0;
		};
		D94CDDFB4EE9C1E797FCD768 /* [CP] Embed Pods Frameworks */ = {
			isa = PBXShellScriptBuildPhase;
			buildActionMask = 2147483647;
			files = (
			);
			inputFileListPaths = (
				"${PODS_ROOT}/Target Support Files/Pods-BC Sample App/Pods-BC Sample App-frameworks-${CONFIGURATION}-input-files.xcfilelist",
			);
			name = "[CP] Embed Pods Frameworks";
			outputFileListPaths = (
				"${PODS_ROOT}/Target Support Files/Pods-BC Sample App/Pods-BC Sample App-frameworks-${CONFIGURATION}-output-files.xcfilelist",
			);
			runOnlyForDeploymentPostprocessing = 0;
			shellPath = /bin/sh;
			shellScript = "\"${PODS_ROOT}/Target Support Files/Pods-BC Sample App/Pods-BC Sample App-frameworks.sh\"\n";
			showEnvVarsInLog = 0;
		};
/* End PBXShellScriptBuildPhase section */

/* Begin PBXSourcesBuildPhase section */
		94BF11582316D31100D895ED /* Sources */ = {
			isa = PBXSourcesBuildPhase;
			buildActionMask = 2147483647;
			files = (
				94BF11622316D31100D895ED /* ViewController.swift in Sources */,
				9485ECD12343F93E00240073 /* OfflineTableViewCell.swift in Sources */,
				947DCB0823185A30001E9A76 /* BCOV+helper.swift in Sources */,
				940A522B232B04F300B85A04 /* PlaylistViewController.swift in Sources */,
				94BF117C2317218300D895ED /* BCIMAViewController.swift in Sources */,
				9485ECCF2343F27C00240073 /* OfflineViewController.swift in Sources */,
				94FA3145233BAE09006AB50D /* Video.swift in Sources */,
				94BF11602316D31100D895ED /* AppDelegate.swift in Sources */,
				94BF117A2316F3CE00D895ED /* VideoViewController.swift in Sources */,
				94BF11762316E2F900D895ED /* Demo.swift in Sources */,
				94AE24872339490D00B534E8 /* playlistTableViewCell.swift in Sources */,
			);
			runOnlyForDeploymentPostprocessing = 0;
		};
/* End PBXSourcesBuildPhase section */

/* Begin PBXVariantGroup section */
		94BF11632316D31100D895ED /* Main.storyboard */ = {
			isa = PBXVariantGroup;
			children = (
				94BF11642316D31100D895ED /* Base */,
			);
			name = Main.storyboard;
			sourceTree = "<group>";
		};
		94BF11682316D31600D895ED /* LaunchScreen.storyboard */ = {
			isa = PBXVariantGroup;
			children = (
				94BF11692316D31600D895ED /* Base */,
			);
			name = LaunchScreen.storyboard;
			sourceTree = "<group>";
		};
/* End PBXVariantGroup section */

/* Begin XCBuildConfiguration section */
		94BF116C2316D31600D895ED /* Debug */ = {
			isa = XCBuildConfiguration;
			buildSettings = {
				ALWAYS_SEARCH_USER_PATHS = NO;
				CLANG_ANALYZER_NONNULL = YES;
				CLANG_ANALYZER_NUMBER_OBJECT_CONVERSION = YES_AGGRESSIVE;
				CLANG_CXX_LANGUAGE_STANDARD = "gnu++14";
				CLANG_CXX_LIBRARY = "libc++";
				CLANG_ENABLE_MODULES = YES;
				CLANG_ENABLE_OBJC_ARC = YES;
				CLANG_ENABLE_OBJC_WEAK = YES;
				CLANG_WARN_BLOCK_CAPTURE_AUTORELEASING = YES;
				CLANG_WARN_BOOL_CONVERSION = YES;
				CLANG_WARN_COMMA = YES;
				CLANG_WARN_CONSTANT_CONVERSION = YES;
				CLANG_WARN_DEPRECATED_OBJC_IMPLEMENTATIONS = YES;
				CLANG_WARN_DIRECT_OBJC_ISA_USAGE = YES_ERROR;
				CLANG_WARN_DOCUMENTATION_COMMENTS = YES;
				CLANG_WARN_EMPTY_BODY = YES;
				CLANG_WARN_ENUM_CONVERSION = YES;
				CLANG_WARN_INFINITE_RECURSION = YES;
				CLANG_WARN_INT_CONVERSION = YES;
				CLANG_WARN_NON_LITERAL_NULL_CONVERSION = YES;
				CLANG_WARN_OBJC_IMPLICIT_RETAIN_SELF = YES;
				CLANG_WARN_OBJC_LITERAL_CONVERSION = YES;
				CLANG_WARN_OBJC_ROOT_CLASS = YES_ERROR;
				CLANG_WARN_RANGE_LOOP_ANALYSIS = YES;
				CLANG_WARN_STRICT_PROTOTYPES = YES;
				CLANG_WARN_SUSPICIOUS_MOVE = YES;
				CLANG_WARN_UNGUARDED_AVAILABILITY = YES_AGGRESSIVE;
				CLANG_WARN_UNREACHABLE_CODE = YES;
				CLANG_WARN__DUPLICATE_METHOD_MATCH = YES;
				CODE_SIGN_IDENTITY = "iPhone Developer";
				COPY_PHASE_STRIP = NO;
				DEBUG_INFORMATION_FORMAT = dwarf;
				ENABLE_STRICT_OBJC_MSGSEND = YES;
				ENABLE_TESTABILITY = YES;
				GCC_C_LANGUAGE_STANDARD = gnu11;
				GCC_DYNAMIC_NO_PIC = NO;
				GCC_NO_COMMON_BLOCKS = YES;
				GCC_OPTIMIZATION_LEVEL = 0;
				GCC_PREPROCESSOR_DEFINITIONS = (
					"DEBUG=1",
					"$(inherited)",
				);
				GCC_WARN_64_TO_32_BIT_CONVERSION = YES;
				GCC_WARN_ABOUT_RETURN_TYPE = YES_ERROR;
				GCC_WARN_UNDECLARED_SELECTOR = YES;
				GCC_WARN_UNINITIALIZED_AUTOS = YES_AGGRESSIVE;
				GCC_WARN_UNUSED_FUNCTION = YES;
				GCC_WARN_UNUSED_VARIABLE = YES;
				IPHONEOS_DEPLOYMENT_TARGET = 12.4;
				MTL_ENABLE_DEBUG_INFO = INCLUDE_SOURCE;
				MTL_FAST_MATH = YES;
				ONLY_ACTIVE_ARCH = YES;
				SDKROOT = iphoneos;
				SWIFT_ACTIVE_COMPILATION_CONDITIONS = DEBUG;
				SWIFT_OPTIMIZATION_LEVEL = "-Onone";
			};
			name = Debug;
		};
		94BF116D2316D31600D895ED /* Release */ = {
			isa = XCBuildConfiguration;
			buildSettings = {
				ALWAYS_SEARCH_USER_PATHS = NO;
				CLANG_ANALYZER_NONNULL = YES;
				CLANG_ANALYZER_NUMBER_OBJECT_CONVERSION = YES_AGGRESSIVE;
				CLANG_CXX_LANGUAGE_STANDARD = "gnu++14";
				CLANG_CXX_LIBRARY = "libc++";
				CLANG_ENABLE_MODULES = YES;
				CLANG_ENABLE_OBJC_ARC = YES;
				CLANG_ENABLE_OBJC_WEAK = YES;
				CLANG_WARN_BLOCK_CAPTURE_AUTORELEASING = YES;
				CLANG_WARN_BOOL_CONVERSION = YES;
				CLANG_WARN_COMMA = YES;
				CLANG_WARN_CONSTANT_CONVERSION = YES;
				CLANG_WARN_DEPRECATED_OBJC_IMPLEMENTATIONS = YES;
				CLANG_WARN_DIRECT_OBJC_ISA_USAGE = YES_ERROR;
				CLANG_WARN_DOCUMENTATION_COMMENTS = YES;
				CLANG_WARN_EMPTY_BODY = YES;
				CLANG_WARN_ENUM_CONVERSION = YES;
				CLANG_WARN_INFINITE_RECURSION = YES;
				CLANG_WARN_INT_CONVERSION = YES;
				CLANG_WARN_NON_LITERAL_NULL_CONVERSION = YES;
				CLANG_WARN_OBJC_IMPLICIT_RETAIN_SELF = YES;
				CLANG_WARN_OBJC_LITERAL_CONVERSION = YES;
				CLANG_WARN_OBJC_ROOT_CLASS = YES_ERROR;
				CLANG_WARN_RANGE_LOOP_ANALYSIS = YES;
				CLANG_WARN_STRICT_PROTOTYPES = YES;
				CLANG_WARN_SUSPICIOUS_MOVE = YES;
				CLANG_WARN_UNGUARDED_AVAILABILITY = YES_AGGRESSIVE;
				CLANG_WARN_UNREACHABLE_CODE = YES;
				CLANG_WARN__DUPLICATE_METHOD_MATCH = YES;
				CODE_SIGN_IDENTITY = "iPhone Developer";
				COPY_PHASE_STRIP = NO;
				DEBUG_INFORMATION_FORMAT = "dwarf-with-dsym";
				ENABLE_NS_ASSERTIONS = NO;
				ENABLE_STRICT_OBJC_MSGSEND = YES;
				GCC_C_LANGUAGE_STANDARD = gnu11;
				GCC_NO_COMMON_BLOCKS = YES;
				GCC_WARN_64_TO_32_BIT_CONVERSION = YES;
				GCC_WARN_ABOUT_RETURN_TYPE = YES_ERROR;
				GCC_WARN_UNDECLARED_SELECTOR = YES;
				GCC_WARN_UNINITIALIZED_AUTOS = YES_AGGRESSIVE;
				GCC_WARN_UNUSED_FUNCTION = YES;
				GCC_WARN_UNUSED_VARIABLE = YES;
				IPHONEOS_DEPLOYMENT_TARGET = 12.4;
				MTL_ENABLE_DEBUG_INFO = NO;
				MTL_FAST_MATH = YES;
				SDKROOT = iphoneos;
				SWIFT_COMPILATION_MODE = wholemodule;
				SWIFT_OPTIMIZATION_LEVEL = "-O";
				VALIDATE_PRODUCT = YES;
			};
			name = Release;
		};
		94BF116F2316D31600D895ED /* Debug */ = {
			isa = XCBuildConfiguration;
			baseConfigurationReference = 2B102DB182C1848068755A85 /* Pods-BC Sample App.debug.xcconfig */;
			buildSettings = {
				ASSETCATALOG_COMPILER_APPICON_NAME = AppIcon;
				CODE_SIGN_STYLE = Automatic;
				DEVELOPMENT_TEAM = N6UAGD6F2D;
				INFOPLIST_FILE = "BC Sample App/Info.plist";
				LD_RUNPATH_SEARCH_PATHS = (
					"$(inherited)",
					"@executable_path/Frameworks",
				);
				PRODUCT_BUNDLE_IDENTIFIER = "com.antonio-duush-CO.BC-Sample-App";
				PRODUCT_NAME = "$(TARGET_NAME)";
				SWIFT_VERSION = 5.0;
				TARGETED_DEVICE_FAMILY = 1;
			};
			name = Debug;
		};
		94BF11702316D31600D895ED /* Release */ = {
			isa = XCBuildConfiguration;
			baseConfigurationReference = 4080C37DC16A875C48644A56 /* Pods-BC Sample App.release.xcconfig */;
			buildSettings = {
				ASSETCATALOG_COMPILER_APPICON_NAME = AppIcon;
				CODE_SIGN_STYLE = Automatic;
				DEVELOPMENT_TEAM = N6UAGD6F2D;
				INFOPLIST_FILE = "BC Sample App/Info.plist";
				LD_RUNPATH_SEARCH_PATHS = (
					"$(inherited)",
					"@executable_path/Frameworks",
				);
				PRODUCT_BUNDLE_IDENTIFIER = "com.antonio-duush-CO.BC-Sample-App";
				PRODUCT_NAME = "$(TARGET_NAME)";
				SWIFT_VERSION = 5.0;
				TARGETED_DEVICE_FAMILY = 1;
			};
			name = Release;
		};
/* End XCBuildConfiguration section */

/* Begin XCConfigurationList section */
		94BF11572316D31100D895ED /* Build configuration list for PBXProject "BC Sample App" */ = {
			isa = XCConfigurationList;
			buildConfigurations = (
				94BF116C2316D31600D895ED /* Debug */,
				94BF116D2316D31600D895ED /* Release */,
			);
			defaultConfigurationIsVisible = 0;
			defaultConfigurationName = Release;
		};
		94BF116E2316D31600D895ED /* Build configuration list for PBXNativeTarget "BC Sample App" */ = {
			isa = XCConfigurationList;
			buildConfigurations = (
				94BF116F2316D31600D895ED /* Debug */,
				94BF11702316D31600D895ED /* Release */,
			);
			defaultConfigurationIsVisible = 0;
			defaultConfigurationName = Release;
		};
/* End XCConfigurationList section */
	};
	rootObject = 94BF11542316D31100D895ED /* Project object */;
}
